
Microsoft Visual Studio Solution File, Format Version 12.00
Project("{FAE04EC0-301F-11D3-BF4B-00C04F79EFBC}") = "DragDrop", "DragDrop\DragDrop.csproj", "{50769B3F-A403-4249-AD85-608A465702EF}"
EndProject
Project("{FAE04EC0-301F-11D3-BF4B-00C04F79EFBC}") = "DragDrop.Domain", "DragDrop.Domain\DragDrop.Domain.csproj", "{DC610B2B-9D22-4B5E-9601-E0D5FF1AACC3}"
EndProject
Project("{FAE04EC0-301F-11D3-BF4B-00C04F79EFBC}") = "DragDrop.Application", "DragDrop.Application\DragDrop.Application.csproj", "{130C9BA5-DD7F-42E7-A3EC-2FA55B3A03DE}"
EndProject
Project("{FAE04EC0-301F-11D3-BF4B-00C04F79EFBC}") = "DragDrop.Infrastructure", "DragDrop.Infrastructure\DragDrop.Infrastructure.csproj", "{929CC61C-6D3C-4941-AA81-A1CE1C7E5296}"
EndProject
Global
	GlobalSection(SolutionConfigurationPlatforms) = preSolution
		Debug|Any CPU = Debug|Any CPU
		Debug|x64 = Debug|x64
		Debug|x86 = Debug|x86
		Release|Any CPU = Release|Any CPU
		Release|x64 = Release|x64
		Release|x86 = Release|x86
	EndGlobalSection
	GlobalSection(ProjectConfigurationPlatforms) = postSolution
		{50769B3F-A403-4249-AD85-608A465702EF}.Debug|Any CPU.ActiveCfg = Debug|Any CPU
		{50769B3F-A403-4249-AD85-608A465702EF}.Debug|Any CPU.Build.0 = Debug|Any CPU
		{50769B3F-A403-4249-AD85-608A465702EF}.Debug|x64.ActiveCfg = Debug|Any CPU
		{50769B3F-A403-4249-AD85-608A465702EF}.Debug|x64.Build.0 = Debug|Any CPU
		{50769B3F-A403-4249-AD85-608A465702EF}.Debug|x86.ActiveCfg = Debug|Any CPU
		{50769B3F-A403-4249-AD85-608A465702EF}.Debug|x86.Build.0 = Debug|Any CPU
		{50769B3F-A403-4249-AD85-608A465702EF}.Release|Any CPU.ActiveCfg = Release|Any CPU
		{50769B3F-A403-4249-AD85-608A465702EF}.Release|Any CPU.Build.0 = Release|Any CPU
		{50769B3F-A403-4249-AD85-608A465702EF}.Release|x64.ActiveCfg = Release|Any CPU
		{50769B3F-A403-4249-AD85-608A465702EF}.Release|x64.Build.0 = Release|Any CPU
		{50769B3F-A403-4249-AD85-608A465702EF}.Release|x86.ActiveCfg = Release|Any CPU
		{50769B3F-A403-4249-AD85-608A465702EF}.Release|x86.Build.0 = Release|Any CPU
		{DC610B2B-9D22-4B5E-9601-E0D5FF1AACC3}.Debug|Any CPU.ActiveCfg = Debug|Any CPU
		{DC610B2B-9D22-4B5E-9601-E0D5FF1AACC3}.Debug|Any CPU.Build.0 = Debug|Any CPU
		{DC610B2B-9D22-4B5E-9601-E0D5FF1AACC3}.Debug|x64.ActiveCfg = Debug|Any CPU
		{DC610B2B-9D22-4B5E-9601-E0D5FF1AACC3}.Debug|x64.Build.0 = Debug|Any CPU
		{DC610B2B-9D22-4B5E-9601-E0D5FF1AACC3}.Debug|x86.ActiveCfg = Debug|Any CPU
		{DC610B2B-9D22-4B5E-9601-E0D5FF1AACC3}.Debug|x86.Build.0 = Debug|Any CPU
		{DC610B2B-9D22-4B5E-9601-E0D5FF1AACC3}.Release|Any CPU.ActiveCfg = Release|Any CPU
		{DC610B2B-9D22-4B5E-9601-E0D5FF1AACC3}.Release|Any CPU.Build.0 = Release|Any CPU
		{DC610B2B-9D22-4B5E-9601-E0D5FF1AACC3}.Release|x64.ActiveCfg = Release|Any CPU
		{DC610B2B-9D22-4B5E-9601-E0D5FF1AACC3}.Release|x64.Build.0 = Release|Any CPU
		{DC610B2B-9D22-4B5E-9601-E0D5FF1AACC3}.Release|x86.ActiveCfg = Release|Any CPU
		{DC610B2B-9D22-4B5E-9601-E0D5FF1AACC3}.Release|x86.Build.0 = Release|Any CPU
		{130C9BA5-DD7F-42E7-A3EC-2FA55B3A03DE}.Debug|Any CPU.ActiveCfg = Debug|Any CPU
		{130C9BA5-DD7F-42E7-A3EC-2FA55B3A03DE}.Debug|Any CPU.Build.0 = Debug|Any CPU
		{130C9BA5-DD7F-42E7-A3EC-2FA55B3A03DE}.Debug|x64.ActiveCfg = Debug|Any CPU
		{130C9BA5-DD7F-42E7-A3EC-2FA55B3A03DE}.Debug|x64.Build.0 = Debug|Any CPU
		{130C9BA5-DD7F-42E7-A3EC-2FA55B3A03DE}.Debug|x86.ActiveCfg = Debug|Any CPU
		{130C9BA5-DD7F-42E7-A3EC-2FA55B3A03DE}.Debug|x86.Build.0 = Debug|Any CPU
		{130C9BA5-DD7F-42E7-A3EC-2FA55B3A03DE}.Release|Any CPU.ActiveCfg = Release|Any CPU
		{130C9BA5-DD7F-42E7-A3EC-2FA55B3A03DE}.Release|Any CPU.Build.0 = Release|Any CPU
		{130C9BA5-DD7F-42E7-A3EC-2FA55B3A03DE}.Release|x64.ActiveCfg = Release|Any CPU
		{130C9BA5-DD7F-42E7-A3EC-2FA55B3A03DE}.Release|x64.Build.0 = Release|Any CPU
		{130C9BA5-DD7F-42E7-A3EC-2FA55B3A03DE}.Release|x86.ActiveCfg = Release|Any CPU
		{130C9BA5-DD7F-42E7-A3EC-2FA55B3A03DE}.Release|x86.Build.0 = Release|Any CPU
		{929CC61C-6D3C-4941-AA81-A1CE1C7E5296}.Debug|Any CPU.ActiveCfg = Debug|Any CPU
		{929CC61C-6D3C-4941-AA81-A1CE1C7E5296}.Debug|Any CPU.Build.0 = Debug|Any CPU
		{929CC61C-6D3C-4941-AA81-A1CE1C7E5296}.Debug|x64.ActiveCfg = Debug|Any CPU
		{929CC61C-6D3C-4941-AA81-A1CE1C7E5296}.Debug|x64.Build.0 = Debug|Any CPU
		{929CC61C-6D3C-4941-AA81-A1CE1C7E5296}.Debug|x86.ActiveCfg = Debug|Any CPU
		{929CC61C-6D3C-4941-AA81-A1CE1C7E5296}.Debug|x86.Build.0 = Debug|Any CPU
		{929CC61C-6D3C-4941-AA81-A1CE1C7E5296}.Release|Any CPU.ActiveCfg = Release|Any CPU
		{929CC61C-6D3C-4941-AA81-A1CE1C7E5296}.Release|Any CPU.Build.0 = Release|Any CPU
		{929CC61C-6D3C-4941-AA81-A1CE1C7E5296}.Release|x64.ActiveCfg = Release|Any CPU
		{929CC61C-6D3C-4941-AA81-A1CE1C7E5296}.Release|x64.Build.0 = Release|Any CPU
		{929CC61C-6D3C-4941-AA81-A1CE1C7E5296}.Release|x86.ActiveCfg = Release|Any CPU
		{929CC61C-6D3C-4941-AA81-A1CE1C7E5296}.Release|x86.Build.0 = Release|Any CPU
	EndGlobalSection
	GlobalSection(SolutionProperties) = preSolution
		HideSolutionNode = FALSE
	EndGlobalSection
EndGlobal
